
Microsoft Visual Studio Solution File, Format Version 12.00
# Visual Studio 2015
Project("{FAE04EC0-301F-11D3-BF4B-00C04F79EFBC}") = "ActionRPG1", "ActionRPG1.csproj", "{934BF970-3F80-DB5A-EE55-E34489BAC04E}"
EndProject
Project("{FAE04EC0-301F-11D3-BF4B-00C04F79EFBC}") = "ActionRPG1.Editor", "ActionRPG1.Editor.csproj", "{6DD22C53-FFF6-85B6-B00B-43CD5C8EB9B8}"
EndProject
Global
	GlobalSection(SolutionConfigurationPlatforms) = preSolution
		Debug|Any CPU = Debug|Any CPU
		Release|Any CPU = Release|Any CPU
	EndGlobalSection
	GlobalSection(ProjectConfigurationPlatforms) = postSolution
		{934BF970-3F80-DB5A-EE55-E34489BAC04E}.Debug|Any CPU.ActiveCfg = Debug|Any CPU
		{934BF970-3F80-DB5A-EE55-E34489BAC04E}.Debug|Any CPU.Build.0 = Debug|Any CPU
		{934BF970-3F80-DB5A-EE55-E34489BAC04E}.Release|Any CPU.ActiveCfg = Release|Any CPU
		{934BF970-3F80-DB5A-EE55-E34489BAC04E}.Release|Any CPU.Build.0 = Release|Any CPU
		{6DD22C53-FFF6-85B6-B00B-43CD5C8EB9B8}.Debug|Any CPU.ActiveCfg = Debug|Any CPU
		{6DD22C53-FFF6-85B6-B00B-43CD5C8EB9B8}.Debug|Any CPU.Build.0 = Debug|Any CPU
		{6DD22C53-FFF6-85B6-B00B-43CD5C8EB9B8}.Release|Any CPU.ActiveCfg = Release|Any CPU
		{6DD22C53-FFF6-85B6-B00B-43CD5C8EB9B8}.Release|Any CPU.Build.0 = Release|Any CPU
	EndGlobalSection
	GlobalSection(SolutionProperties) = preSolution
		HideSolutionNode = FALSE
	EndGlobalSection
EndGlobal
