
Microsoft Visual Studio Solution File, Format Version 12.00
# Visual Studio 2015
Project("{FAE04EC0-301F-11D3-BF4B-00C04F79EFBC}") = "ActionRPG1.CSharp", "ActionRPG1.CSharp.csproj", "{91DBD5DD-8F92-6E0C-7BEE-AC1EE6BB59F2}"
EndProject
Project("{FAE04EC0-301F-11D3-BF4B-00C04F79EFBC}") = "ActionRPG1.CSharp.Editor", "ActionRPG1.CSharp.Editor.csproj", "{9A02A5AF-C1C6-0955-B0C0-D5B8A17C8929}"
EndProject
Global
	GlobalSection(SolutionConfigurationPlatforms) = preSolution
		Debug|Any CPU = Debug|Any CPU
		Release|Any CPU = Release|Any CPU
	EndGlobalSection
	GlobalSection(ProjectConfigurationPlatforms) = postSolution
		{91DBD5DD-8F92-6E0C-7BEE-AC1EE6BB59F2}.Debug|Any CPU.ActiveCfg = Debug|Any CPU
		{91DBD5DD-8F92-6E0C-7BEE-AC1EE6BB59F2}.Debug|Any CPU.Build.0 = Debug|Any CPU
		{91DBD5DD-8F92-6E0C-7BEE-AC1EE6BB59F2}.Release|Any CPU.ActiveCfg = Release|Any CPU
		{91DBD5DD-8F92-6E0C-7BEE-AC1EE6BB59F2}.Release|Any CPU.Build.0 = Release|Any CPU
		{9A02A5AF-C1C6-0955-B0C0-D5B8A17C8929}.Debug|Any CPU.ActiveCfg = Debug|Any CPU
		{9A02A5AF-C1C6-0955-B0C0-D5B8A17C8929}.Debug|Any CPU.Build.0 = Debug|Any CPU
		{9A02A5AF-C1C6-0955-B0C0-D5B8A17C8929}.Release|Any CPU.ActiveCfg = Release|Any CPU
		{9A02A5AF-C1C6-0955-B0C0-D5B8A17C8929}.Release|Any CPU.Build.0 = Release|Any CPU
	EndGlobalSection
	GlobalSection(SolutionProperties) = preSolution
		HideSolutionNode = FALSE
	EndGlobalSection
EndGlobal
